
Microsoft Visual Studio Solution File, Format Version 12.00
# Visual Studio Version 17
VisualStudioVersion = 17.12.35728.132 d17.12
MinimumVisualStudioVersion = 10.0.40219.1
Project("{FAE04EC0-301F-11D3-BF4B-00C04F79EFBC}") = "MotorSandbox", "MotorSandbox.csproj", "{FBC9BA21-21C4-4E03-8307-7FFF7B4DEEE7}"
EndProject
Global
	GlobalSection(SolutionConfigurationPlatforms) = preSolution
		Debug|Any CPU = Debug|Any CPU
		Release|Any CPU = Release|Any CPU
	EndGlobalSection
	GlobalSection(ProjectConfigurationPlatforms) = postSolution
		{FBC9BA21-21C4-4E03-8307-7FFF7B4DEEE7}.Debug|Any CPU.ActiveCfg = Debug|Any CPU
		{FBC9BA21-21C4-4E03-8307-7FFF7B4DEEE7}.Debug|Any CPU.Build.0 = Debug|Any CPU
		{FBC9BA21-21C4-4E03-8307-7FFF7B4DEEE7}.Release|Any CPU.ActiveCfg = Release|Any CPU
		{FBC9BA21-21C4-4E03-8307-7FFF7B4DEEE7}.Release|Any CPU.Build.0 = Release|Any CPU
	EndGlobalSection
	GlobalSection(SolutionProperties) = preSolution
		HideSolutionNode = FALSE
	EndGlobalSection
EndGlobal
